
Microsoft Visual Studio Solution File, Format Version 12.00
# Visual Studio Version 16
VisualStudioVersion = 16.0.31105.61
MinimumVisualStudioVersion = 10.0.40219.1
Project("{FAE04EC0-301F-11D3-BF4B-00C04F79EFBC}") = "C-Sharp-Practice", "C-Sharp-Practice\C-Sharp-Practice.csproj", "{A68CE30F-1FE4-4F37-A8F2-7243DDF43513}"
EndProject
Global
	GlobalSection(SolutionConfigurationPlatforms) = preSolution
		Debug|Any CPU = Debug|Any CPU
		Release|Any CPU = Release|Any CPU
	EndGlobalSection
	GlobalSection(ProjectConfigurationPlatforms) = postSolution
		{A68CE30F-1FE4-4F37-A8F2-7243DDF43513}.Debug|Any CPU.ActiveCfg = Debug|Any CPU
		{A68CE30F-1FE4-4F37-A8F2-7243DDF43513}.Debug|Any CPU.Build.0 = Debug|Any CPU
		{A68CE30F-1FE4-4F37-A8F2-7243DDF43513}.Release|Any CPU.ActiveCfg = Release|Any CPU
		{A68CE30F-1FE4-4F37-A8F2-7243DDF43513}.Release|Any CPU.Build.0 = Release|Any CPU
	EndGlobalSection
	GlobalSection(SolutionProperties) = preSolution
		HideSolutionNode = FALSE
	EndGlobalSection
	GlobalSection(ExtensibilityGlobals) = postSolution
		SolutionGuid = {5B637F40-1B29-4A83-BF87-0F379FE8CAB6}
	EndGlobalSection
EndGlobal
